
Microsoft Visual Studio Solution File, Format Version 12.00
# Visual Studio Version 16
VisualStudioVersion = 16.0.31205.134
MinimumVisualStudioVersion = 10.0.40219.1
Project("{FAE04EC0-301F-11D3-BF4B-00C04F79EFBC}") = "SinpeMovilWA", "SinpeMovilWA.csproj", "{6C96EF3A-7A95-4D43-BF4A-68F9EC5A54A7}"
EndProject
Global
	GlobalSection(SolutionConfigurationPlatforms) = preSolution
		Debug|Any CPU = Debug|Any CPU
		Release|Any CPU = Release|Any CPU
	EndGlobalSection
	GlobalSection(ProjectConfigurationPlatforms) = postSolution
		{6C96EF3A-7A95-4D43-BF4A-68F9EC5A54A7}.Debug|Any CPU.ActiveCfg = Debug|Any CPU
		{6C96EF3A-7A95-4D43-BF4A-68F9EC5A54A7}.Debug|Any CPU.Build.0 = Debug|Any CPU
		{6C96EF3A-7A95-4D43-BF4A-68F9EC5A54A7}.Release|Any CPU.ActiveCfg = Release|Any CPU
		{6C96EF3A-7A95-4D43-BF4A-68F9EC5A54A7}.Release|Any CPU.Build.0 = Release|Any CPU
	EndGlobalSection
	GlobalSection(SolutionProperties) = preSolution
		HideSolutionNode = FALSE
	EndGlobalSection
	GlobalSection(ExtensibilityGlobals) = postSolution
		SolutionGuid = {CD7CE18A-F207-419F-8C2F-74FDE902066B}
	EndGlobalSection
EndGlobal
